
Microsoft Visual Studio Solution File, Format Version 12.00
# Visual Studio Version 17
VisualStudioVersion = 17.2.32519.379
MinimumVisualStudioVersion = 10.0.40219.1
Project("{FAE04EC0-301F-11D3-BF4B-00C04F79EFBC}") = "FileUploadInMVC", "FileUploadInMVC\FileUploadInMVC.csproj", "{4475E543-409C-4541-AB46-39EA3D7E40A5}"
EndProject
Global
	GlobalSection(SolutionConfigurationPlatforms) = preSolution
		Debug|Any CPU = Debug|Any CPU
		Release|Any CPU = Release|Any CPU
	EndGlobalSection
	GlobalSection(ProjectConfigurationPlatforms) = postSolution
		{4475E543-409C-4541-AB46-39EA3D7E40A5}.Debug|Any CPU.ActiveCfg = Debug|Any CPU
		{4475E543-409C-4541-AB46-39EA3D7E40A5}.Debug|Any CPU.Build.0 = Debug|Any CPU
		{4475E543-409C-4541-AB46-39EA3D7E40A5}.Release|Any CPU.ActiveCfg = Release|Any CPU
		{4475E543-409C-4541-AB46-39EA3D7E40A5}.Release|Any CPU.Build.0 = Release|Any CPU
	EndGlobalSection
	GlobalSection(SolutionProperties) = preSolution
		HideSolutionNode = FALSE
	EndGlobalSection
	GlobalSection(ExtensibilityGlobals) = postSolution
		SolutionGuid = {BB334897-9B1A-4F83-A589-628B89C49ED0}
	EndGlobalSection
EndGlobal
